
Microsoft Visual Studio Solution File, Format Version 12.00
# Visual Studio Version 17
VisualStudioVersion = 17.0.31912.275
MinimumVisualStudioVersion = 10.0.40219.1
Project("{9A19103F-16F7-4668-BE54-9A1E7A4F7556}") = "Hto3.NetworkHelpers", "Hto3.NetworkHelpers\Hto3.NetworkHelpers.csproj", "{3982489B-A139-4F23-B50B-60683C462E18}"
EndProject
Project("{2150E333-8FDC-42A3-9474-1A3956D46DE8}") = "Solution Items", "Solution Items", "{58260CC8-EF32-41CE-9111-9AF562C2D0CE}"
	ProjectSection(SolutionItems) = preProject
		.gitattributes = .gitattributes
		.gitignore = .gitignore
		LICENSE = LICENSE
		nuget-logo-small.png = nuget-logo-small.png
		nuget-logo.kra = nuget-logo.kra
		nuget-logo.png = nuget-logo.png
		README.md = README.md
	EndProjectSection
EndProject
Project("{9A19103F-16F7-4668-BE54-9A1E7A4F7556}") = "Hto3.NetworkHelpers.Test", "Hto3.NetworkHelpers.Test\Hto3.NetworkHelpers.Test.csproj", "{E78907A6-C939-4C4D-B819-C2B9F2D23FBC}"
EndProject
Project("{2150E333-8FDC-42A3-9474-1A3956D46DE8}") = ".github", ".github", "{690E284F-A128-40DC-8BBD-FD6E1AA620EA}"
EndProject
Project("{2150E333-8FDC-42A3-9474-1A3956D46DE8}") = "workflows", "workflows", "{A6EECEBE-A0F2-4155-8FD1-5D999F66C4AE}"
	ProjectSection(SolutionItems) = preProject
		.github\workflows\publish.yml = .github\workflows\publish.yml
	EndProjectSection
EndProject
Global
	GlobalSection(SolutionConfigurationPlatforms) = preSolution
		Debug|Any CPU = Debug|Any CPU
		Release|Any CPU = Release|Any CPU
	EndGlobalSection
	GlobalSection(ProjectConfigurationPlatforms) = postSolution
		{3982489B-A139-4F23-B50B-60683C462E18}.Debug|Any CPU.ActiveCfg = Debug|Any CPU
		{3982489B-A139-4F23-B50B-60683C462E18}.Debug|Any CPU.Build.0 = Debug|Any CPU
		{3982489B-A139-4F23-B50B-60683C462E18}.Release|Any CPU.ActiveCfg = Release|Any CPU
		{3982489B-A139-4F23-B50B-60683C462E18}.Release|Any CPU.Build.0 = Release|Any CPU
		{E78907A6-C939-4C4D-B819-C2B9F2D23FBC}.Debug|Any CPU.ActiveCfg = Debug|Any CPU
		{E78907A6-C939-4C4D-B819-C2B9F2D23FBC}.Debug|Any CPU.Build.0 = Debug|Any CPU
		{E78907A6-C939-4C4D-B819-C2B9F2D23FBC}.Release|Any CPU.ActiveCfg = Release|Any CPU
		{E78907A6-C939-4C4D-B819-C2B9F2D23FBC}.Release|Any CPU.Build.0 = Release|Any CPU
	EndGlobalSection
	GlobalSection(SolutionProperties) = preSolution
		HideSolutionNode = FALSE
	EndGlobalSection
	GlobalSection(NestedProjects) = preSolution
		{690E284F-A128-40DC-8BBD-FD6E1AA620EA} = {58260CC8-EF32-41CE-9111-9AF562C2D0CE}
		{A6EECEBE-A0F2-4155-8FD1-5D999F66C4AE} = {690E284F-A128-40DC-8BBD-FD6E1AA620EA}
	EndGlobalSection
	GlobalSection(ExtensibilityGlobals) = postSolution
		SolutionGuid = {3E4C5FA6-44EC-4EA6-AF15-82BE1D362931}
	EndGlobalSection
EndGlobal
